<?xml version="1.0" encoding="utf-8"?>
<Project ToolsVersion="4.0" xmlns="http://schemas.microsoft.com/developer/msbuild/2003">
  <ItemGroup>
    <Filter Include="samples">
      <UniqueIdentifier>{4DE3849F-647A-48FF-8873-256D44DFF3CA}</UniqueIdentifier>
    </Filter>
    <Filter Include="samples\syelog">
      <UniqueIdentifier>{EA900A65-64CA-417B-8DE7-4174C9CB1E5A}</UniqueIdentifier>
    </Filter>
    <Filter Include="src">
      <UniqueIdentifier>{E980771B-0BA5-4B01-947A-B99D33E31E89}</UniqueIdentifier>
    </Filter>
    <Filter Include="samples\wtlocalstatehook">
      <UniqueIdentifier>{017b5f53-6e15-4e4b-8e54-2610ccb69ba6}</UniqueIdentifier>
    </Filter>
  </ItemGroup>
  <ItemGroup>
    <ClCompile Include="..\src\uimports.cpp">
      <Filter>src</Filter>
    </ClCompile>
    <ClCompile Include="..\src\creatwth.cpp">
      <Filter>src</Filter>
    </ClCompile>
    <ClCompile Include="..\src\detours.cpp">
      <Filter>src</Filter>
    </ClCompile>
    <ClCompile Include="..\src\disasm.cpp">
      <Filter>src</Filter>
    </ClCompile>
    <ClCompile Include="..\src\disolarm.cpp">
      <Filter>src</Filter>
    </ClCompile>
    <ClCompile Include="..\src\disolarm64.cpp">
      <Filter>src</Filter>
    </ClCompile>
    <ClCompile Include="..\src\disolia64.cpp">
      <Filter>src</Filter>
    </ClCompile>
    <ClCompile Include="..\src\disolx64.cpp">
      <Filter>src</Filter>
    </ClCompile>
    <ClCompile Include="..\src\disolx86.cpp">
      <Filter>src</Filter>
    </ClCompile>
    <ClCompile Include="..\src\image.cpp">
      <Filter>src</Filter>
    </ClCompile>
    <ClCompile Include="..\src\modules.cpp">
      <Filter>src</Filter>
    </ClCompile>
    <ClCompile Include="..\samples\syelog\sltest.cpp">
      <Filter>samples\syelog</Filter>
    </ClCompile>
    <ClCompile Include="..\samples\syelog\sltestp.cpp">
      <Filter>samples\syelog</Filter>
    </ClCompile>
    <ClCompile Include="..\samples\syelog\syelog.cpp">
      <Filter>samples\syelog</Filter>
    </ClCompile>
    <ClCompile Include="..\samples\syelog\syelogd.cpp">
      <Filter>samples\syelog</Filter>
    </ClCompile>
    <ClCompile Include="..\samples\wtlocalstatehook\WTLocalStateHook.cpp">
      <Filter>samples\wtlocalstatehook</Filter>
    </ClCompile>
  </ItemGroup>
  <ItemGroup>
    <ClInclude Include="..\src\detours.h">
      <Filter>src</Filter>
    </ClInclude>
    <ClInclude Include="..\src\detver.h">
      <Filter>src</Filter>
    </ClInclude>
    <ClInclude Include="..\samples\syelog\syelog.h">
      <Filter>samples\syelog</Filter>
    </ClInclude>
  </ItemGroup>
  <ItemGroup>
    <None Include="..\samples\syelog\Makefile">
      <Filter>samples\syelog</Filter>
    </None>
    <None Include="..\samples\common.mak">
      <Filter>samples</Filter>
    </None>
    <None Include="..\samples\Makefile">
      <Filter>samples</Filter>
    </None>
    <None Include="..\.gitignore" />
    <None Include="..\LICENSE.md" />
    <None Include="..\Makefile" />
    <None Include="..\README.md" />
    <None Include="..\system.mak" />
    <None Include="..\samples\wtlocalstatehook\Makefile">
      <Filter>samples\wtlocalstatehook</Filter>
    </None>
  </ItemGroup>
  <ItemGroup>
    <Text Include="..\samples\README.TXT">
      <Filter>samples</Filter>
    </Text>
    <Text Include="..\CREDITS.md" />
  </ItemGroup>
  <ItemGroup>
    <ResourceCompile Include="..\samples\wtlocalstatehook\WTLocalStateHook.rc">
      <Filter>samples\wtlocalstatehook</Filter>
    </ResourceCompile>
  </ItemGroup>
</Project>